// !$*UTF8*$!
{
	archiveVersion = 1;
	classes = {
	};
	objectVersion = 56;
	objects = {

/* Begin PBXBuildFile section */
		5319F70C2AB3B87B00B17A52 /* AppDelegate.swift in Sources */ = {isa = PBXBuildFile; fileRef = 5319F70B2AB3B87B00B17A52 /* AppDelegate.swift */; };
		5319F70E2AB3B87B00B17A52 /* SceneDelegate.swift in Sources */ = {isa = PBXBuildFile; fileRef = 5319F70D2AB3B87B00B17A52 /* SceneDelegate.swift */; };
		5319F7102AB3B87B00B17A52 /* ViewController.swift in Sources */ = {isa = PBXBuildFile; fileRef = 5319F70F2AB3B87B00B17A52 /* ViewController.swift */; };
		5319F7132AB3B87B00B17A52 /* Main.storyboard in Resources */ = {isa = PBXBuildFile; fileRef = 5319F7112AB3B87B00B17A52 /* Main.storyboard */; };
		5319F7152AB3B87E00B17A52 /* Assets.xcassets in Resources */ = {isa = PBXBuildFile; fileRef = 5319F7142AB3B87E00B17A52 /* Assets.xcassets */; };
		5319F7182AB3B87E00B17A52 /* LaunchScreen.storyboard in Resources */ = {isa = PBXBuildFile; fileRef = 5319F7162AB3B87E00B17A52 /* LaunchScreen.storyboard */; };
		5319F7232AB3B87E00B17A52 /* DotaHerosTests.swift in Sources */ = {isa = PBXBuildFile; fileRef = 5319F7222AB3B87E00B17A52 /* DotaHerosTests.swift */; };
		5319F72D2AB3B87F00B17A52 /* DotaHerosUITests.swift in Sources */ = {isa = PBXBuildFile; fileRef = 5319F72C2AB3B87F00B17A52 /* DotaHerosUITests.swift */; };
		5319F72F2AB3B87F00B17A52 /* DotaHerosUITestsLaunchTests.swift in Sources */ = {isa = PBXBuildFile; fileRef = 5319F72E2AB3B87F00B17A52 /* DotaHerosUITestsLaunchTests.swift */; };
		5319F73C2AB3BD1E00B17A52 /* DetailViewController.swift in Sources */ = {isa = PBXBuildFile; fileRef = 5319F73B2AB3BD1E00B17A52 /* DetailViewController.swift */; };
		5319F73E2AB3BD3E00B17A52 /* HeroTableViewCell.swift in Sources */ = {isa = PBXBuildFile; fileRef = 5319F73D2AB3BD3E00B17A52 /* HeroTableViewCell.swift */; };
		5319F7402AB3BDDA00B17A52 /* HeroStats.swift in Sources */ = {isa = PBXBuildFile; fileRef = 5319F73F2AB3BDDA00B17A52 /* HeroStats.swift */; };
/* End PBXBuildFile section */

/* Begin PBXContainerItemProxy section */
		5319F71F2AB3B87E00B17A52 /* PBXContainerItemProxy */ = {
			isa = PBXContainerItemProxy;
			containerPortal = 5319F7002AB3B87B00B17A52 /* Project object */;
			proxyType = 1;
			remoteGlobalIDString = 5319F7072AB3B87B00B17A52;
			remoteInfo = DotaHeros;
		};
		5319F7292AB3B87E00B17A52 /* PBXContainerItemProxy */ = {
			isa = PBXContainerItemProxy;
			containerPortal = 5319F7002AB3B87B00B17A52 /* Project object */;
			proxyType = 1;
			remoteGlobalIDString = 5319F7072AB3B87B00B17A52;
			remoteInfo = DotaHeros;
		};
/* End PBXContainerItemProxy section */

/* Begin PBXFileReference section */
		5319F7082AB3B87B00B17A52 /* DotaHeros.app */ = {isa = PBXFileReference; explicitFileType = wrapper.application; includeInIndex = 0; path = DotaHeros.app; sourceTree = BUILT_PRODUCTS_DIR; };
		5319F70B2AB3B87B00B17A52 /* AppDelegate.swift */ = {isa = PBXFileReference; lastKnownFileType = sourcecode.swift; path = AppDelegate.swift; sourceTree = "<group>"; };
		5319F70D2AB3B87B00B17A52 /* SceneDelegate.swift */ = {isa = PBXFileReference; lastKnownFileType = sourcecode.swift; path = SceneDelegate.swift; sourceTree = "<group>"; };
		5319F70F2AB3B87B00B17A52 /* ViewController.swift */ = {isa = PBXFileReference; lastKnownFileType = sourcecode.swift; path = ViewController.swift; sourceTree = "<group>"; };
		5319F7122AB3B87B00B17A52 /* Base */ = {isa = PBXFileReference; lastKnownFileType = file.storyboard; name = Base; path = Base.lproj/Main.storyboard; sourceTree = "<group>"; };
		5319F7142AB3B87E00B17A52 /* Assets.xcassets */ = {isa = PBXFileReference; lastKnownFileType = folder.assetcatalog; path = Assets.xcassets; sourceTree = "<group>"; };
		5319F7172AB3B87E00B17A52 /* Base */ = {isa = PBXFileReference; lastKnownFileType = file.storyboard; name = Base; path = Base.lproj/LaunchScreen.storyboard; sourceTree = "<group>"; };
		5319F7192AB3B87E00B17A52 /* Info.plist */ = {isa = PBXFileReference; lastKnownFileType = text.plist.xml; path = Info.plist; sourceTree = "<group>"; };
		5319F71E2AB3B87E00B17A52 /* DotaHerosTests.xctest */ = {isa = PBXFileReference; explicitFileType = wrapper.cfbundle; includeInIndex = 0; path = DotaHerosTests.xctest; sourceTree = BUILT_PRODUCTS_DIR; };
		5319F7222AB3B87E00B17A52 /* DotaHerosTests.swift */ = {isa = PBXFileReference; lastKnownFileType = sourcecode.swift; path = DotaHerosTests.swift; sourceTree = "<group>"; };
		5319F7282AB3B87E00B17A52 /* DotaHerosUITests.xctest */ = {isa = PBXFileReference; explicitFileType = wrapper.cfbundle; includeInIndex = 0; path = DotaHerosUITests.xctest; sourceTree = BUILT_PRODUCTS_DIR; };
		5319F72C2AB3B87F00B17A52 /* DotaHerosUITests.swift */ = {isa = PBXFileReference; lastKnownFileType = sourcecode.swift; path = DotaHerosUITests.swift; sourceTree = "<group>"; };
		5319F72E2AB3B87F00B17A52 /* DotaHerosUITestsLaunchTests.swift */ = {isa = PBXFileReference; lastKnownFileType = sourcecode.swift; path = DotaHerosUITestsLaunchTests.swift; sourceTree = "<group>"; };
		5319F73B2AB3BD1E00B17A52 /* DetailViewController.swift */ = {isa = PBXFileReference; lastKnownFileType = sourcecode.swift; path = DetailViewController.swift; sourceTree = "<group>"; };
		5319F73D2AB3BD3E00B17A52 /* HeroTableViewCell.swift */ = {isa = PBXFileReference; lastKnownFileType = sourcecode.swift; path = HeroTableViewCell.swift; sourceTree = "<group>"; };
		5319F73F2AB3BDDA00B17A52 /* HeroStats.swift */ = {isa = PBXFileReference; lastKnownFileType = sourcecode.swift; path = HeroStats.swift; sourceTree = "<group>"; };
/* End PBXFileReference section */

/* Begin PBXFrameworksBuildPhase section */
		5319F7052AB3B87B00B17A52 /* Frameworks */ = {
			isa = PBXFrameworksBuildPhase;
			buildActionMask = 2147483647;
			files = (
			);
			runOnlyForDeploymentPostprocessing = 0;
		};
		5319F71B2AB3B87E00B17A52 /* Frameworks */ = {
			isa = PBXFrameworksBuildPhase;
			buildActionMask = 2147483647;
			files = (
			);
			runOnlyForDeploymentPostprocessing = 0;
		};
		5319F7252AB3B87E00B17A52 /* Frameworks */ = {
			isa = PBXFrameworksBuildPhase;
			buildActionMask = 2147483647;
			files = (
			);
			runOnlyForDeploymentPostprocessing = 0;
		};
/* End PBXFrameworksBuildPhase section */

/* Begin PBXGroup section */
		5319F6FF2AB3B87B00B17A52 = {
			isa = PBXGroup;
			children = (
				5319F70A2AB3B87B00B17A52 /* DotaHeros */,
				5319F7212AB3B87E00B17A52 /* DotaHerosTests */,
				5319F72B2AB3B87F00B17A52 /* DotaHerosUITests */,
				5319F7092AB3B87B00B17A52 /* Products */,
			);
			sourceTree = "<group>";
		};
		5319F7092AB3B87B00B17A52 /* Products */ = {
			isa = PBXGroup;
			children = (
				5319F7082AB3B87B00B17A52 /* DotaHeros.app */,
				5319F71E2AB3B87E00B17A52 /* DotaHerosTests.xctest */,
				5319F7282AB3B87E00B17A52 /* DotaHerosUITests.xctest */,
			);
			name = Products;
			sourceTree = "<group>";
		};
		5319F70A2AB3B87B00B17A52 /* DotaHeros */ = {
			isa = PBXGroup;
			children = (
				5319F70B2AB3B87B00B17A52 /* AppDelegate.swift */,
				5319F70D2AB3B87B00B17A52 /* SceneDelegate.swift */,
				5319F70F2AB3B87B00B17A52 /* ViewController.swift */,
				5319F73D2AB3BD3E00B17A52 /* HeroTableViewCell.swift */,
				5319F73B2AB3BD1E00B17A52 /* DetailViewController.swift */,
				5319F73F2AB3BDDA00B17A52 /* HeroStats.swift */,
				5319F7112AB3B87B00B17A52 /* Main.storyboard */,
				5319F7142AB3B87E00B17A52 /* Assets.xcassets */,
				5319F7162AB3B87E00B17A52 /* LaunchScreen.storyboard */,
				5319F7192AB3B87E00B17A52 /* Info.plist */,
			);
			path = DotaHeros;
			sourceTree = "<group>";
		};
		5319F7212AB3B87E00B17A52 /* DotaHerosTests */ = {
			isa = PBXGroup;
			children = (
				5319F7222AB3B87E00B17A52 /* DotaHerosTests.swift */,
			);
			path = DotaHerosTests;
			sourceTree = "<group>";
		};
		5319F72B2AB3B87F00B17A52 /* DotaHerosUITests */ = {
			isa = PBXGroup;
			children = (
				5319F72C2AB3B87F00B17A52 /* DotaHerosUITests.swift */,
				5319F72E2AB3B87F00B17A52 /* DotaHerosUITestsLaunchTests.swift */,
			);
			path = DotaHerosUITests;
			sourceTree = "<group>";
		};
/* End PBXGroup section */

/* Begin PBXNativeTarget section */
		5319F7072AB3B87B00B17A52 /* DotaHeros */ = {
			isa = PBXNativeTarget;
			buildConfigurationList = 5319F7322AB3B87F00B17A52 /* Build configuration list for PBXNativeTarget "DotaHeros" */;
			buildPhases = (
				5319F7042AB3B87B00B17A52 /* Sources */,
				5319F7052AB3B87B00B17A52 /* Frameworks */,
				5319F7062AB3B87B00B17A52 /* Resources */,
			);
			buildRules = (
			);
			dependencies = (
			);
			name = DotaHeros;
			productName = DotaHeros;
			productReference = 5319F7082AB3B87B00B17A52 /* DotaHeros.app */;
			productType = "com.apple.product-type.application";
		};
		5319F71D2AB3B87E00B17A52 /* DotaHerosTests */ = {
			isa = PBXNativeTarget;
			buildConfigurationList = 5319F7352AB3B87F00B17A52 /* Build configuration list for PBXNativeTarget "DotaHerosTests" */;
			buildPhases = (
				5319F71A2AB3B87E00B17A52 /* Sources */,
				5319F71B2AB3B87E00B17A52 /* Frameworks */,
				5319F71C2AB3B87E00B17A52 /* Resources */,
			);
			buildRules = (
			);
			dependencies = (
				5319F7202AB3B87E00B17A52 /* PBXTargetDependency */,
			);
			name = DotaHerosTests;
			productName = DotaHerosTests;
			productReference = 5319F71E2AB3B87E00B17A52 /* DotaHerosTests.xctest */;
			productType = "com.apple.product-type.bundle.unit-test";
		};
		5319F7272AB3B87E00B17A52 /* DotaHerosUITests */ = {
			isa = PBXNativeTarget;
			buildConfigurationList = 5319F7382AB3B87F00B17A52 /* Build configuration list for PBXNativeTarget "DotaHerosUITests" */;
			buildPhases = (
				5319F7242AB3B87E00B17A52 /* Sources */,
				5319F7252AB3B87E00B17A52 /* Frameworks */,
				5319F7262AB3B87E00B17A52 /* Resources */,
			);
			buildRules = (
			);
			dependencies = (
				5319F72A2AB3B87E00B17A52 /* PBXTargetDependency */,
			);
			name = DotaHerosUITests;
			productName = DotaHerosUITests;
			productReference = 5319F7282AB3B87E00B17A52 /* DotaHerosUITests.xctest */;
			productType = "com.apple.product-type.bundle.ui-testing";
		};
/* End PBXNativeTarget section */

/* Begin PBXProject section */
		5319F7002AB3B87B00B17A52 /* Project object */ = {
			isa = PBXProject;
			attributes = {
				BuildIndependentTargetsInParallel = 1;
				LastSwiftUpdateCheck = 1430;
				LastUpgradeCheck = 1430;
				TargetAttributes = {
					5319F7072AB3B87B00B17A52 = {
						CreatedOnToolsVersion = 14.3.1;
					};
					5319F71D2AB3B87E00B17A52 = {
						CreatedOnToolsVersion = 14.3.1;
						TestTargetID = 5319F7072AB3B87B00B17A52;
					};
					5319F7272AB3B87E00B17A52 = {
						CreatedOnToolsVersion = 14.3.1;
						TestTargetID = 5319F7072AB3B87B00B17A52;
					};
				};
			};
			buildConfigurationList = 5319F7032AB3B87B00B17A52 /* Build configuration list for PBXProject "DotaHeros" */;
			compatibilityVersion = "Xcode 14.0";
			developmentRegion = en;
			hasScannedForEncodings = 0;
			knownRegions = (
				en,
				Base,
			);
			mainGroup = 5319F6FF2AB3B87B00B17A52;
			productRefGroup = 5319F7092AB3B87B00B17A52 /* Products */;
			projectDirPath = "";
			projectRoot = "";
			targets = (
				5319F7072AB3B87B00B17A52 /* DotaHeros */,
				5319F71D2AB3B87E00B17A52 /* DotaHerosTests */,
				5319F7272AB3B87E00B17A52 /* DotaHerosUITests */,
			);
		};
/* End PBXProject section */

/* Begin PBXResourcesBuildPhase section */
		5319F7062AB3B87B00B17A52 /* Resources */ = {
			isa = PBXResourcesBuildPhase;
			buildActionMask = 2147483647;
			files = (
				5319F7182AB3B87E00B17A52 /* LaunchScreen.storyboard in Resources */,
				5319F7152AB3B87E00B17A52 /* Assets.xcassets in Resources */,
				5319F7132AB3B87B00B17A52 /* Main.storyboard in Resources */,
			);
			runOnlyForDeploymentPostprocessing = 0;
		};
		5319F71C2AB3B87E00B17A52 /* Resources */ = {
			isa = PBXResourcesBuildPhase;
			buildActionMask = 2147483647;
			files = (
			);
			runOnlyForDeploymentPostprocessing = 0;
		};
		5319F7262AB3B87E00B17A52 /* Resources */ = {
			isa = PBXResourcesBuildPhase;
			buildActionMask = 2147483647;
			files = (
			);
			runOnlyForDeploymentPostprocessing = 0;
		};
/* End PBXResourcesBuildPhase section */

/* Begin PBXSourcesBuildPhase section */
		5319F7042AB3B87B00B17A52 /* Sources */ = {
			isa = PBXSourcesBuildPhase;
			buildActionMask = 2147483647;
			files = (
				5319F7102AB3B87B00B17A52 /* ViewController.swift in Sources */,
				5319F70C2AB3B87B00B17A52 /* AppDelegate.swift in Sources */,
				5319F70E2AB3B87B00B17A52 /* SceneDelegate.swift in Sources */,
				5319F73C2AB3BD1E00B17A52 /* DetailViewController.swift in Sources */,
				5319F73E2AB3BD3E00B17A52 /* HeroTableViewCell.swift in Sources */,
				5319F7402AB3BDDA00B17A52 /* HeroStats.swift in Sources */,
			);
			runOnlyForDeploymentPostprocessing = 0;
		};
		5319F71A2AB3B87E00B17A52 /* Sources */ = {
			isa = PBXSourcesBuildPhase;
			buildActionMask = 2147483647;
			files = (
				5319F7232AB3B87E00B17A52 /* DotaHerosTests.swift in Sources */,
			);
			runOnlyForDeploymentPostprocessing = 0;
		};
		5319F7242AB3B87E00B17A52 /* Sources */ = {
			isa = PBXSourcesBuildPhase;
			buildActionMask = 2147483647;
			files = (
				5319F72F2AB3B87F00B17A52 /* DotaHerosUITestsLaunchTests.swift in Sources */,
				5319F72D2AB3B87F00B17A52 /* DotaHerosUITests.swift in Sources */,
			);
			runOnlyForDeploymentPostprocessing = 0;
		};
/* End PBXSourcesBuildPhase section */

/* Begin PBXTargetDependency section */
		5319F7202AB3B87E00B17A52 /* PBXTargetDependency */ = {
			isa = PBXTargetDependency;
			target = 5319F7072AB3B87B00B17A52 /* DotaHeros */;
			targetProxy = 5319F71F2AB3B87E00B17A52 /* PBXContainerItemProxy */;
		};
		5319F72A2AB3B87E00B17A52 /* PBXTargetDependency */ = {
			isa = PBXTargetDependency;
			target = 5319F7072AB3B87B00B17A52 /* DotaHeros */;
			targetProxy = 5319F7292AB3B87E00B17A52 /* PBXContainerItemProxy */;
		};
/* End PBXTargetDependency section */

/* Begin PBXVariantGroup section */
		5319F7112AB3B87B00B17A52 /* Main.storyboard */ = {
			isa = PBXVariantGroup;
			children = (
				5319F7122AB3B87B00B17A52 /* Base */,
			);
			name = Main.storyboard;
			sourceTree = "<group>";
		};
		5319F7162AB3B87E00B17A52 /* LaunchScreen.storyboard */ = {
			isa = PBXVariantGroup;
			children = (
				5319F7172AB3B87E00B17A52 /* Base */,
			);
			name = LaunchScreen.storyboard;
			sourceTree = "<group>";
		};
/* End PBXVariantGroup section */

/* Begin XCBuildConfiguration section */
		5319F7302AB3B87F00B17A52 /* Debug */ = {
			isa = XCBuildConfiguration;
			buildSettings = {
				ALWAYS_SEARCH_USER_PATHS = NO;
				CLANG_ANALYZER_NONNULL = YES;
				CLANG_ANALYZER_NUMBER_OBJECT_CONVERSION = YES_AGGRESSIVE;
				CLANG_CXX_LANGUAGE_STANDARD = "gnu++20";
				CLANG_ENABLE_MODULES = YES;
				CLANG_ENABLE_OBJC_ARC = YES;
				CLANG_ENABLE_OBJC_WEAK = YES;
				CLANG_WARN_BLOCK_CAPTURE_AUTORELEASING = YES;
				CLANG_WARN_BOOL_CONVERSION = YES;
				CLANG_WARN_COMMA = YES;
				CLANG_WARN_CONSTANT_CONVERSION = YES;
				CLANG_WARN_DEPRECATED_OBJC_IMPLEMENTATIONS = YES;
				CLANG_WARN_DIRECT_OBJC_ISA_USAGE = YES_ERROR;
				CLANG_WARN_DOCUMENTATION_COMMENTS = YES;
				CLANG_WARN_EMPTY_BODY = YES;
				CLANG_WARN_ENUM_CONVERSION = YES;
				CLANG_WARN_INFINITE_RECURSION = YES;
				CLANG_WARN_INT_CONVERSION = YES;
				CLANG_WARN_NON_LITERAL_NULL_CONVERSION = YES;
				CLANG_WARN_OBJC_IMPLICIT_RETAIN_SELF = YES;
				CLANG_WARN_OBJC_LITERAL_CONVERSION = YES;
				CLANG_WARN_OBJC_ROOT_CLASS = YES_ERROR;
				CLANG_WARN_QUOTED_INCLUDE_IN_FRAMEWORK_HEADER = YES;
				CLANG_WARN_RANGE_LOOP_ANALYSIS = YES;
				CLANG_WARN_STRICT_PROTOTYPES = YES;
				CLANG_WARN_SUSPICIOUS_MOVE = YES;
				CLANG_WARN_UNGUARDED_AVAILABILITY = YES_AGGRESSIVE;
				CLANG_WARN_UNREACHABLE_CODE = YES;
				CLANG_WARN__DUPLICATE_METHOD_MATCH = YES;
				COPY_PHASE_STRIP = NO;
				DEBUG_INFORMATION_FORMAT = dwarf;
				ENABLE_STRICT_OBJC_MSGSEND = YES;
				ENABLE_TESTABILITY = YES;
				GCC_C_LANGUAGE_STANDARD = gnu11;
				GCC_DYNAMIC_NO_PIC = NO;
				GCC_NO_COMMON_BLOCKS = YES;
				GCC_OPTIMIZATION_LEVEL = 0;
				GCC_PREPROCESSOR_DEFINITIONS = (
					"DEBUG=1",
					"$(inherited)",
				);
				GCC_WARN_64_TO_32_BIT_CONVERSION = YES;
				GCC_WARN_ABOUT_RETURN_TYPE = YES_ERROR;
				GCC_WARN_UNDECLARED_SELECTOR = YES;
				GCC_WARN_UNINITIALIZED_AUTOS = YES_AGGRESSIVE;
				GCC_WARN_UNUSED_FUNCTION = YES;
				GCC_WARN_UNUSED_VARIABLE = YES;
				IPHONEOS_DEPLOYMENT_TARGET = 16.4;
				MTL_ENABLE_DEBUG_INFO = INCLUDE_SOURCE;
				MTL_FAST_MATH = YES;
				ONLY_ACTIVE_ARCH = YES;
				SDKROOT = iphoneos;
				SWIFT_ACTIVE_COMPILATION_CONDITIONS = DEBUG;
				SWIFT_OPTIMIZATION_LEVEL = "-Onone";
			};
			name = Debug;
		};
		5319F7312AB3B87F00B17A52 /* Release */ = {
			isa = XCBuildConfiguration;
			buildSettings = {
				ALWAYS_SEARCH_USER_PATHS = NO;
				CLANG_ANALYZER_NONNULL = YES;
				CLANG_ANALYZER_NUMBER_OBJECT_CONVERSION = YES_AGGRESSIVE;
				CLANG_CXX_LANGUAGE_STANDARD = "gnu++20";
				CLANG_ENABLE_MODULES = YES;
				CLANG_ENABLE_OBJC_ARC = YES;
				CLANG_ENABLE_OBJC_WEAK = YES;
				CLANG_WARN_BLOCK_CAPTURE_AUTORELEASING = YES;
				CLANG_WARN_BOOL_CONVERSION = YES;
				CLANG_WARN_COMMA = YES;
				CLANG_WARN_CONSTANT_CONVERSION = YES;
				CLANG_WARN_DEPRECATED_OBJC_IMPLEMENTATIONS = YES;
				CLANG_WARN_DIRECT_OBJC_ISA_USAGE = YES_ERROR;
				CLANG_WARN_DOCUMENTATION_COMMENTS = YES;
				CLANG_WARN_EMPTY_BODY = YES;
				CLANG_WARN_ENUM_CONVERSION = YES;
				CLANG_WARN_INFINITE_RECURSION = YES;
				CLANG_WARN_INT_CONVERSION = YES;
				CLANG_WARN_NON_LITERAL_NULL_CONVERSION = YES;
				CLANG_WARN_OBJC_IMPLICIT_RETAIN_SELF = YES;
				CLANG_WARN_OBJC_LITERAL_CONVERSION = YES;
				CLANG_WARN_OBJC_ROOT_CLASS = YES_ERROR;
				CLANG_WARN_QUOTED_INCLUDE_IN_FRAMEWORK_HEADER = YES;
				CLANG_WARN_RANGE_LOOP_ANALYSIS = YES;
				CLANG_WARN_STRICT_PROTOTYPES = YES;
				CLANG_WARN_SUSPICIOUS_MOVE = YES;
				CLANG_WARN_UNGUARDED_AVAILABILITY = YES_AGGRESSIVE;
				CLANG_WARN_UNREACHABLE_CODE = YES;
				CLANG_WARN__DUPLICATE_METHOD_MATCH = YES;
				COPY_PHASE_STRIP = NO;
				DEBUG_INFORMATION_FORMAT = "dwarf-with-dsym";
				ENABLE_NS_ASSERTIONS = NO;
				ENABLE_STRICT_OBJC_MSGSEND = YES;
				GCC_C_LANGUAGE_STANDARD = gnu11;
				GCC_NO_COMMON_BLOCKS = YES;
				GCC_WARN_64_TO_32_BIT_CONVERSION = YES;
				GCC_WARN_ABOUT_RETURN_TYPE = YES_ERROR;
				GCC_WARN_UNDECLARED_SELECTOR = YES;
				GCC_WARN_UNINITIALIZED_AUTOS = YES_AGGRESSIVE;
				GCC_WARN_UNUSED_FUNCTION = YES;
				GCC_WARN_UNUSED_VARIABLE = YES;
				IPHONEOS_DEPLOYMENT_TARGET = 16.4;
				MTL_ENABLE_DEBUG_INFO = NO;
				MTL_FAST_MATH = YES;
				SDKROOT = iphoneos;
				SWIFT_COMPILATION_MODE = wholemodule;
				SWIFT_OPTIMIZATION_LEVEL = "-O";
				VALIDATE_PRODUCT = YES;
			};
			name = Release;
		};
		5319F7332AB3B87F00B17A52 /* Debug */ = {
			isa = XCBuildConfiguration;
			buildSettings = {
				ASSETCATALOG_COMPILER_APPICON_NAME = AppIcon;
				ASSETCATALOG_COMPILER_GLOBAL_ACCENT_COLOR_NAME = AccentColor;
				CODE_SIGN_STYLE = Automatic;
				CURRENT_PROJECT_VERSION = 1;
				GENERATE_INFOPLIST_FILE = YES;
				INFOPLIST_FILE = DotaHeros/Info.plist;
				INFOPLIST_KEY_UIApplicationSupportsIndirectInputEvents = YES;
				INFOPLIST_KEY_UILaunchStoryboardName = LaunchScreen;
				INFOPLIST_KEY_UIMainStoryboardFile = Main;
				INFOPLIST_KEY_UISupportedInterfaceOrientations_iPad = "UIInterfaceOrientationPortrait UIInterfaceOrientationPortraitUpsideDown UIInterfaceOrientationLandscapeLeft UIInterfaceOrientationLandscapeRight";
				INFOPLIST_KEY_UISupportedInterfaceOrientations_iPhone = "UIInterfaceOrientationPortrait UIInterfaceOrientationLandscapeLeft UIInterfaceOrientationLandscapeRight";
				LD_RUNPATH_SEARCH_PATHS = (
					"$(inherited)",
					"@executable_path/Frameworks",
				);
				MARKETING_VERSION = 1.0;
				PRODUCT_BUNDLE_IDENTIFIER = aydemir.DotaHeros;
				PRODUCT_NAME = "$(TARGET_NAME)";
				SWIFT_EMIT_LOC_STRINGS = YES;
				SWIFT_VERSION = 5.0;
				TARGETED_DEVICE_FAMILY = "1,2";
			};
			name = Debug;
		};
		5319F7342AB3B87F00B17A52 /* Release */ = {
			isa = XCBuildConfiguration;
			buildSettings = {
				ASSETCATALOG_COMPILER_APPICON_NAME = AppIcon;
				ASSETCATALOG_COMPILER_GLOBAL_ACCENT_COLOR_NAME = AccentColor;
				CODE_SIGN_STYLE = Automatic;
				CURRENT_PROJECT_VERSION = 1;
				GENERATE_INFOPLIST_FILE = YES;
				INFOPLIST_FILE = DotaHeros/Info.plist;
				INFOPLIST_KEY_UIApplicationSupportsIndirectInputEvents = YES;
				INFOPLIST_KEY_UILaunchStoryboardName = LaunchScreen;
				INFOPLIST_KEY_UIMainStoryboardFile = Main;
				INFOPLIST_KEY_UISupportedInterfaceOrientations_iPad = "UIInterfaceOrientationPortrait UIInterfaceOrientationPortraitUpsideDown UIInterfaceOrientationLandscapeLeft UIInterfaceOrientationLandscapeRight";
				INFOPLIST_KEY_UISupportedInterfaceOrientations_iPhone = "UIInterfaceOrientationPortrait UIInterfaceOrientationLandscapeLeft UIInterfaceOrientationLandscapeRight";
				LD_RUNPATH_SEARCH_PATHS = (
					"$(inherited)",
					"@executable_path/Frameworks",
				);
				MARKETING_VERSION = 1.0;
				PRODUCT_BUNDLE_IDENTIFIER = aydemir.DotaHeros;
				PRODUCT_NAME = "$(TARGET_NAME)";
				SWIFT_EMIT_LOC_STRINGS = YES;
				SWIFT_VERSION = 5.0;
				TARGETED_DEVICE_FAMILY = "1,2";
			};
			name = Release;
		};
		5319F7362AB3B87F00B17A52 /* Debug */ = {
			isa = XCBuildConfiguration;
			buildSettings = {
				ALWAYS_EMBED_SWIFT_STANDARD_LIBRARIES = YES;
				BUNDLE_LOADER = "$(TEST_HOST)";
				CODE_SIGN_STYLE = Automatic;
				CURRENT_PROJECT_VERSION = 1;
				GENERATE_INFOPLIST_FILE = YES;
				IPHONEOS_DEPLOYMENT_TARGET = 16.4;
				MARKETING_VERSION = 1.0;
				PRODUCT_BUNDLE_IDENTIFIER = aydemir.DotaHerosTests;
				PRODUCT_NAME = "$(TARGET_NAME)";
				SWIFT_EMIT_LOC_STRINGS = NO;
				SWIFT_VERSION = 5.0;
				TARGETED_DEVICE_FAMILY = "1,2";
				TEST_HOST = "$(BUILT_PRODUCTS_DIR)/DotaHeros.app/$(BUNDLE_EXECUTABLE_FOLDER_PATH)/DotaHeros";
			};
			name = Debug;
		};
		5319F7372AB3B87F00B17A52 /* Release */ = {
			isa = XCBuildConfiguration;
			buildSettings = {
				ALWAYS_EMBED_SWIFT_STANDARD_LIBRARIES = YES;
				BUNDLE_LOADER = "$(TEST_HOST)";
				CODE_SIGN_STYLE = Automatic;
				CURRENT_PROJECT_VERSION = 1;
				GENERATE_INFOPLIST_FILE = YES;
				IPHONEOS_DEPLOYMENT_TARGET = 16.4;
				MARKETING_VERSION = 1.0;
				PRODUCT_BUNDLE_IDENTIFIER = aydemir.DotaHerosTests;
				PRODUCT_NAME = "$(TARGET_NAME)";
				SWIFT_EMIT_LOC_STRINGS = NO;
				SWIFT_VERSION = 5.0;
				TARGETED_DEVICE_FAMILY = "1,2";
				TEST_HOST = "$(BUILT_PRODUCTS_DIR)/DotaHeros.app/$(BUNDLE_EXECUTABLE_FOLDER_PATH)/DotaHeros";
			};
			name = Release;
		};
		5319F7392AB3B87F00B17A52 /* Debug */ = {
			isa = XCBuildConfiguration;
			buildSettings = {
				ALWAYS_EMBED_SWIFT_STANDARD_LIBRARIES = YES;
				CODE_SIGN_STYLE = Automatic;
				CURRENT_PROJECT_VERSION = 1;
				GENERATE_INFOPLIST_FILE = YES;
				MARKETING_VERSION = 1.0;
				PRODUCT_BUNDLE_IDENTIFIER = aydemir.DotaHerosUITests;
				PRODUCT_NAME = "$(TARGET_NAME)";
				SWIFT_EMIT_LOC_STRINGS = NO;
				SWIFT_VERSION = 5.0;
				TARGETED_DEVICE_FAMILY = "1,2";
				TEST_TARGET_NAME = DotaHeros;
			};
			name = Debug;
		};
		5319F73A2AB3B87F00B17A52 /* Release */ = {
			isa = XCBuildConfiguration;
			buildSettings = {
				ALWAYS_EMBED_SWIFT_STANDARD_LIBRARIES = YES;
				CODE_SIGN_STYLE = Automatic;
				CURRENT_PROJECT_VERSION = 1;
				GENERATE_INFOPLIST_FILE = YES;
				MARKETING_VERSION = 1.0;
				PRODUCT_BUNDLE_IDENTIFIER = aydemir.DotaHerosUITests;
				PRODUCT_NAME = "$(TARGET_NAME)";
				SWIFT_EMIT_LOC_STRINGS = NO;
				SWIFT_VERSION = 5.0;
				TARGETED_DEVICE_FAMILY = "1,2";
				TEST_TARGET_NAME = DotaHeros;
			};
			name = Release;
		};
/* End XCBuildConfiguration section */

/* Begin XCConfigurationList section */
		5319F7032AB3B87B00B17A52 /* Build configuration list for PBXProject "DotaHeros" */ = {
			isa = XCConfigurationList;
			buildConfigurations = (
				5319F7302AB3B87F00B17A52 /* Debug */,
				5319F7312AB3B87F00B17A52 /* Release */,
			);
			defaultConfigurationIsVisible = 0;
			defaultConfigurationName = Release;
		};
		5319F7322AB3B87F00B17A52 /* Build configuration list for PBXNativeTarget "DotaHeros" */ = {
			isa = XCConfigurationList;
			buildConfigurations = (
				5319F7332AB3B87F00B17A52 /* Debug */,
				5319F7342AB3B87F00B17A52 /* Release */,
			);
			defaultConfigurationIsVisible = 0;
			defaultConfigurationName = Release;
		};
		5319F7352AB3B87F00B17A52 /* Build configuration list for PBXNativeTarget "DotaHerosTests" */ = {
			isa = XCConfigurationList;
			buildConfigurations = (
				5319F7362AB3B87F00B17A52 /* Debug */,
				5319F7372AB3B87F00B17A52 /* Release */,
			);
			defaultConfigurationIsVisible = 0;
			defaultConfigurationName = Release;
		};
		5319F7382AB3B87F00B17A52 /* Build configuration list for PBXNativeTarget "DotaHerosUITests" */ = {
			isa = XCConfigurationList;
			buildConfigurations = (
				5319F7392AB3B87F00B17A52 /* Debug */,
				5319F73A2AB3B87F00B17A52 /* Release */,
			);
			defaultConfigurationIsVisible = 0;
			defaultConfigurationName = Release;
		};
/* End XCConfigurationList section */
	};
	rootObject = 5319F7002AB3B87B00B17A52 /* Project object */;
}
